
Microsoft Visual Studio Solution File, Format Version 12.00
# Visual Studio Version 17
VisualStudioVersion = 17.14.36203.30 d17.14
MinimumVisualStudioVersion = 10.0.40219.1
Project("{FAE04EC0-301F-11D3-BF4B-00C04F79EFBC}") = "WindowsFormsApp1", "WindowsFormsApp1\WindowsFormsApp1.csproj", "{0748B7A6-EE32-424D-8681-7A6EB817568F}"
EndProject
Global
	GlobalSection(SolutionConfigurationPlatforms) = preSolution
		Debug|Any CPU = Debug|Any CPU
		Release|Any CPU = Release|Any CPU
	EndGlobalSection
	GlobalSection(ProjectConfigurationPlatforms) = postSolution
		{0748B7A6-EE32-424D-8681-7A6EB817568F}.Debug|Any CPU.ActiveCfg = Debug|Any CPU
		{0748B7A6-EE32-424D-8681-7A6EB817568F}.Debug|Any CPU.Build.0 = Debug|Any CPU
		{0748B7A6-EE32-424D-8681-7A6EB817568F}.Release|Any CPU.ActiveCfg = Release|Any CPU
		{0748B7A6-EE32-424D-8681-7A6EB817568F}.Release|Any CPU.Build.0 = Release|Any CPU
	EndGlobalSection
	GlobalSection(SolutionProperties) = preSolution
		HideSolutionNode = FALSE
	EndGlobalSection
	GlobalSection(ExtensibilityGlobals) = postSolution
		SolutionGuid = {F5869449-EFB7-4ED5-BEE0-9DE68947F1E4}
	EndGlobalSection
EndGlobal
